
Microsoft Visual Studio Solution File, Format Version 12.00
# Visual Studio Version 16
VisualStudioVersion = 16.0.30517.126
MinimumVisualStudioVersion = 10.0.40219.1
Project("{FAE04EC0-301F-11D3-BF4B-00C04F79EFBC}") = "[ESILV]DesignProject", "[ESILV]DesignProject\[ESILV]DesignProject.csproj", "{6A7E5BD6-BB98-4AAC-98E9-AEF4F6360F2B}"
EndProject
Project("{FAE04EC0-301F-11D3-BF4B-00C04F79EFBC}") = "[ESILV]DesignProjectTests", "[ESILV]DesignProjectTests\[ESILV]DesignProjectTests.csproj", "{3C8FE93C-DC02-4D5F-99AE-6F6B65FCF052}"
EndProject
Global
	GlobalSection(SolutionConfigurationPlatforms) = preSolution
		Debug|Any CPU = Debug|Any CPU
		Release|Any CPU = Release|Any CPU
	EndGlobalSection
	GlobalSection(ProjectConfigurationPlatforms) = postSolution
		{6A7E5BD6-BB98-4AAC-98E9-AEF4F6360F2B}.Debug|Any CPU.ActiveCfg = Debug|Any CPU
		{6A7E5BD6-BB98-4AAC-98E9-AEF4F6360F2B}.Debug|Any CPU.Build.0 = Debug|Any CPU
		{6A7E5BD6-BB98-4AAC-98E9-AEF4F6360F2B}.Release|Any CPU.ActiveCfg = Release|Any CPU
		{6A7E5BD6-BB98-4AAC-98E9-AEF4F6360F2B}.Release|Any CPU.Build.0 = Release|Any CPU
		{3C8FE93C-DC02-4D5F-99AE-6F6B65FCF052}.Debug|Any CPU.ActiveCfg = Debug|Any CPU
		{3C8FE93C-DC02-4D5F-99AE-6F6B65FCF052}.Debug|Any CPU.Build.0 = Debug|Any CPU
		{3C8FE93C-DC02-4D5F-99AE-6F6B65FCF052}.Release|Any CPU.ActiveCfg = Release|Any CPU
		{3C8FE93C-DC02-4D5F-99AE-6F6B65FCF052}.Release|Any CPU.Build.0 = Release|Any CPU
	EndGlobalSection
	GlobalSection(SolutionProperties) = preSolution
		HideSolutionNode = FALSE
	EndGlobalSection
	GlobalSection(ExtensibilityGlobals) = postSolution
		SolutionGuid = {27A5B67E-FEF9-487A-B9ED-3709A51B4E73}
	EndGlobalSection
EndGlobal
